{
  "version": 4,
  "terraform_version": "0.14.3",
  "serial": 19,
  "lineage": "b45cd2cf-807e-afac-503d-239c1e37f35e",
  "outputs": {},
  "resources": [
    {
      "module": "module.gke",
      "mode": "data",
      "type": "google_client_config",
      "name": "provider",
      "provider": "provider[\"registry.terraform.io/hashicorp/google\"]",
      "instances": [
        {
          "schema_version": 0,
          "attributes": {
            "access_token": "ya29.c.KqgB9gcK8j3dCK9MO9sTV6wl5t6-MjlJOUUslre4vbIwK9WYv1sfBBvood-JJ4H_5inb6t4oajc-cIrzs1S5IYEWsf6aXgkxobHvKkh0uiizMULdTAR0YF3J3tcEB5CVB2bA_HX6IrJm3M0Byvg84xvMlTD1PYWa0CsXu_57VPUoeL3g0mVCA4C5EIK91aIF-FsLyHbGDFW0eQTu0NVCePBDBtiIGfkRXzYE",
            "id": "projects/fullstack-bazel-306720/regions/europe-west3/zones/",
            "project": "fullstack-bazel-306720",
            "region": "europe-west3",
            "zone": ""
          },
          "sensitive_attributes": []
        }
      ]
    },
    {
      "module": "module.sql",
      "mode": "managed",
      "type": "random_id",
      "name": "db_name_suffix",
      "provider": "provider[\"registry.terraform.io/hashicorp/random\"]",
      "instances": [
        {
          "schema_version": 0,
          "attributes": {
            "b64_std": "LOlt0A==",
            "b64_url": "LOlt0A",
            "byte_length": 4,
            "dec": "753495504",
            "hex": "2ce96dd0",
            "id": "LOlt0A",
            "keepers": null,
            "prefix": null
          },
          "sensitive_attributes": [],
          "private": "bnVsbA=="
        }
      ]
    }
  ]
}
